
Microsoft Visual Studio Solution File, Format Version 12.00
# Visual Studio 14
VisualStudioVersion = 14.0.25420.1
MinimumVisualStudioVersion = 10.0.40219.1
Project("{FAE04EC0-301F-11D3-BF4B-00C04F79EFBC}") = "AL_BetaDev", "AL_BetaDev\AL_BetaDev.csproj", "{9257ABFE-C219-465A-9C63-5408CB11C4CF}"
EndProject
Project("{FAE04EC0-301F-11D3-BF4B-00C04F79EFBC}") = "ProjectBusinessLogics", "BusinessLogic_AL\ProjectBusinessLogics.csproj", "{27ACFD9B-6828-45DA-BAA9-C03ACEC65AC9}"
EndProject
Project("{FAE04EC0-301F-11D3-BF4B-00C04F79EFBC}") = "DataAccessEDMX", "DataAccessEDMX\DataAccessEDMX.csproj", "{F30F5926-0702-4DF1-95C0-965D621F1806}"
EndProject
Project("{FAE04EC0-301F-11D3-BF4B-00C04F79EFBC}") = "EmailInterface", "EmailInterface\EmailInterface.csproj", "{D988306A-E643-4E7D-93E0-A38C27FE230B}"
EndProject
Project("{FAE04EC0-301F-11D3-BF4B-00C04F79EFBC}") = "ControllerLogicsLayer", "ControllerLogicsLayer\ControllerLogicsLayer.csproj", "{34ACFF41-1AB1-42A2-A8FA-DA8795683E50}"
EndProject
Global
	GlobalSection(SolutionConfigurationPlatforms) = preSolution
		Debug|Any CPU = Debug|Any CPU
		Release|Any CPU = Release|Any CPU
	EndGlobalSection
	GlobalSection(ProjectConfigurationPlatforms) = postSolution
		{9257ABFE-C219-465A-9C63-5408CB11C4CF}.Debug|Any CPU.ActiveCfg = Debug|Any CPU
		{9257ABFE-C219-465A-9C63-5408CB11C4CF}.Debug|Any CPU.Build.0 = Debug|Any CPU
		{9257ABFE-C219-465A-9C63-5408CB11C4CF}.Release|Any CPU.ActiveCfg = Release|Any CPU
		{9257ABFE-C219-465A-9C63-5408CB11C4CF}.Release|Any CPU.Build.0 = Release|Any CPU
		{27ACFD9B-6828-45DA-BAA9-C03ACEC65AC9}.Debug|Any CPU.ActiveCfg = Debug|Any CPU
		{27ACFD9B-6828-45DA-BAA9-C03ACEC65AC9}.Debug|Any CPU.Build.0 = Debug|Any CPU
		{27ACFD9B-6828-45DA-BAA9-C03ACEC65AC9}.Release|Any CPU.ActiveCfg = Release|Any CPU
		{27ACFD9B-6828-45DA-BAA9-C03ACEC65AC9}.Release|Any CPU.Build.0 = Release|Any CPU
		{F30F5926-0702-4DF1-95C0-965D621F1806}.Debug|Any CPU.ActiveCfg = Debug|Any CPU
		{F30F5926-0702-4DF1-95C0-965D621F1806}.Debug|Any CPU.Build.0 = Debug|Any CPU
		{F30F5926-0702-4DF1-95C0-965D621F1806}.Release|Any CPU.ActiveCfg = Release|Any CPU
		{F30F5926-0702-4DF1-95C0-965D621F1806}.Release|Any CPU.Build.0 = Release|Any CPU
		{D988306A-E643-4E7D-93E0-A38C27FE230B}.Debug|Any CPU.ActiveCfg = Debug|Any CPU
		{D988306A-E643-4E7D-93E0-A38C27FE230B}.Debug|Any CPU.Build.0 = Debug|Any CPU
		{D988306A-E643-4E7D-93E0-A38C27FE230B}.Release|Any CPU.ActiveCfg = Release|Any CPU
		{D988306A-E643-4E7D-93E0-A38C27FE230B}.Release|Any CPU.Build.0 = Release|Any CPU
		{34ACFF41-1AB1-42A2-A8FA-DA8795683E50}.Debug|Any CPU.ActiveCfg = Debug|Any CPU
		{34ACFF41-1AB1-42A2-A8FA-DA8795683E50}.Debug|Any CPU.Build.0 = Debug|Any CPU
		{34ACFF41-1AB1-42A2-A8FA-DA8795683E50}.Release|Any CPU.ActiveCfg = Release|Any CPU
		{34ACFF41-1AB1-42A2-A8FA-DA8795683E50}.Release|Any CPU.Build.0 = Release|Any CPU
	EndGlobalSection
	GlobalSection(SolutionProperties) = preSolution
		HideSolutionNode = FALSE
	EndGlobalSection
EndGlobal
